// !$*UTF8*$!
{
	archiveVersion = 1;
	classes = {
	};
	objectVersion = 50;
	objects = {

/* Begin PBXBuildFile section */
		DEB3C9112090607F00DD3014 /* AppDelegate.m in Sources */ = {isa = PBXBuildFile; fileRef = DEB3C9102090607F00DD3014 /* AppDelegate.m */; };
		DEB3C9142090607F00DD3014 /* ViewController.m in Sources */ = {isa = PBXBuildFile; fileRef = DEB3C9132090607F00DD3014 /* ViewController.m */; };
		DEB3C9172090607F00DD3014 /* Main.storyboard in Resources */ = {isa = PBXBuildFile; fileRef = DEB3C9152090607F00DD3014 /* Main.storyboard */; };
		DEB3C9192090608100DD3014 /* Assets.xcassets in Resources */ = {isa = PBXBuildFile; fileRef = DEB3C9182090608100DD3014 /* Assets.xcassets */; };
		DEB3C91C2090608100DD3014 /* LaunchScreen.storyboard in Resources */ = {isa = PBXBuildFile; fileRef = DEB3C91A2090608100DD3014 /* LaunchScreen.storyboard */; };
		DEB3C91F2090608100DD3014 /* main.m in Sources */ = {isa = PBXBuildFile; fileRef = DEB3C91E2090608100DD3014 /* main.m */; };
		DEB3C9292090608100DD3014 /* GCDTests.m in Sources */ = {isa = PBXBuildFile; fileRef = DEB3C9282090608100DD3014 /* GCDTests.m */; };
		DEB3C9342090608100DD3014 /* GCDUITests.m in Sources */ = {isa = PBXBuildFile; fileRef = DEB3C9332090608100DD3014 /* GCDUITests.m */; };
/* End PBXBuildFile section */

/* Begin PBXContainerItemProxy section */
		DEB3C9252090608100DD3014 /* PBXContainerItemProxy */ = {
			isa = PBXContainerItemProxy;
			containerPortal = DEB3C9042090607F00DD3014 /* Project object */;
			proxyType = 1;
			remoteGlobalIDString = DEB3C90B2090607F00DD3014;
			remoteInfo = GCD;
		};
		DEB3C9302090608100DD3014 /* PBXContainerItemProxy */ = {
			isa = PBXContainerItemProxy;
			containerPortal = DEB3C9042090607F00DD3014 /* Project object */;
			proxyType = 1;
			remoteGlobalIDString = DEB3C90B2090607F00DD3014;
			remoteInfo = GCD;
		};
/* End PBXContainerItemProxy section */

/* Begin PBXFileReference section */
		DEB3C90C2090607F00DD3014 /* GCD.app */ = {isa = PBXFileReference; explicitFileType = wrapper.application; includeInIndex = 0; path = GCD.app; sourceTree = BUILT_PRODUCTS_DIR; };
		DEB3C90F2090607F00DD3014 /* AppDelegate.h */ = {isa = PBXFileReference; lastKnownFileType = sourcecode.c.h; path = AppDelegate.h; sourceTree = "<group>"; };
		DEB3C9102090607F00DD3014 /* AppDelegate.m */ = {isa = PBXFileReference; lastKnownFileType = sourcecode.c.objc; path = AppDelegate.m; sourceTree = "<group>"; };
		DEB3C9122090607F00DD3014 /* ViewController.h */ = {isa = PBXFileReference; lastKnownFileType = sourcecode.c.h; path = ViewController.h; sourceTree = "<group>"; };
		DEB3C9132090607F00DD3014 /* ViewController.m */ = {isa = PBXFileReference; lastKnownFileType = sourcecode.c.objc; path = ViewController.m; sourceTree = "<group>"; };
		DEB3C9162090607F00DD3014 /* Base */ = {isa = PBXFileReference; lastKnownFileType = file.storyboard; name = Base; path = Base.lproj/Main.storyboard; sourceTree = "<group>"; };
		DEB3C9182090608100DD3014 /* Assets.xcassets */ = {isa = PBXFileReference; lastKnownFileType = folder.assetcatalog; path = Assets.xcassets; sourceTree = "<group>"; };
		DEB3C91B2090608100DD3014 /* Base */ = {isa = PBXFileReference; lastKnownFileType = file.storyboard; name = Base; path = Base.lproj/LaunchScreen.storyboard; sourceTree = "<group>"; };
		DEB3C91D2090608100DD3014 /* Info.plist */ = {isa = PBXFileReference; lastKnownFileType = text.plist.xml; path = Info.plist; sourceTree = "<group>"; };
		DEB3C91E2090608100DD3014 /* main.m */ = {isa = PBXFileReference; lastKnownFileType = sourcecode.c.objc; path = main.m; sourceTree = "<group>"; };
		DEB3C9242090608100DD3014 /* GCDTests.xctest */ = {isa = PBXFileReference; explicitFileType = wrapper.cfbundle; includeInIndex = 0; path = GCDTests.xctest; sourceTree = BUILT_PRODUCTS_DIR; };
		DEB3C9282090608100DD3014 /* GCDTests.m */ = {isa = PBXFileReference; lastKnownFileType = sourcecode.c.objc; path = GCDTests.m; sourceTree = "<group>"; };
		DEB3C92A2090608100DD3014 /* Info.plist */ = {isa = PBXFileReference; lastKnownFileType = text.plist.xml; path = Info.plist; sourceTree = "<group>"; };
		DEB3C92F2090608100DD3014 /* GCDUITests.xctest */ = {isa = PBXFileReference; explicitFileType = wrapper.cfbundle; includeInIndex = 0; path = GCDUITests.xctest; sourceTree = BUILT_PRODUCTS_DIR; };
		DEB3C9332090608100DD3014 /* GCDUITests.m */ = {isa = PBXFileReference; lastKnownFileType = sourcecode.c.objc; path = GCDUITests.m; sourceTree = "<group>"; };
		DEB3C9352090608100DD3014 /* Info.plist */ = {isa = PBXFileReference; lastKnownFileType = text.plist.xml; path = Info.plist; sourceTree = "<group>"; };
/* End PBXFileReference section */

/* Begin PBXFrameworksBuildPhase section */
		DEB3C9092090607F00DD3014 /* Frameworks */ = {
			isa = PBXFrameworksBuildPhase;
			buildActionMask = 2147483647;
			files = (
			);
			runOnlyForDeploymentPostprocessing = 0;
		};
		DEB3C9212090608100DD3014 /* Frameworks */ = {
			isa = PBXFrameworksBuildPhase;
			buildActionMask = 2147483647;
			files = (
			);
			runOnlyForDeploymentPostprocessing = 0;
		};
		DEB3C92C2090608100DD3014 /* Frameworks */ = {
			isa = PBXFrameworksBuildPhase;
			buildActionMask = 2147483647;
			files = (
			);
			runOnlyForDeploymentPostprocessing = 0;
		};
/* End PBXFrameworksBuildPhase section */

/* Begin PBXGroup section */
		DEB3C9032090607F00DD3014 = {
			isa = PBXGroup;
			children = (
				DEB3C90E2090607F00DD3014 /* GCD */,
				DEB3C9272090608100DD3014 /* GCDTests */,
				DEB3C9322090608100DD3014 /* GCDUITests */,
				DEB3C90D2090607F00DD3014 /* Products */,
			);
			sourceTree = "<group>";
		};
		DEB3C90D2090607F00DD3014 /* Products */ = {
			isa = PBXGroup;
			children = (
				DEB3C90C2090607F00DD3014 /* GCD.app */,
				DEB3C9242090608100DD3014 /* GCDTests.xctest */,
				DEB3C92F2090608100DD3014 /* GCDUITests.xctest */,
			);
			name = Products;
			sourceTree = "<group>";
		};
		DEB3C90E2090607F00DD3014 /* GCD */ = {
			isa = PBXGroup;
			children = (
				DEB3C90F2090607F00DD3014 /* AppDelegate.h */,
				DEB3C9102090607F00DD3014 /* AppDelegate.m */,
				DEB3C9122090607F00DD3014 /* ViewController.h */,
				DEB3C9132090607F00DD3014 /* ViewController.m */,
				DEB3C9152090607F00DD3014 /* Main.storyboard */,
				DEB3C9182090608100DD3014 /* Assets.xcassets */,
				DEB3C91A2090608100DD3014 /* LaunchScreen.storyboard */,
				DEB3C91D2090608100DD3014 /* Info.plist */,
				DEB3C91E2090608100DD3014 /* main.m */,
			);
			path = GCD;
			sourceTree = "<group>";
		};
		DEB3C9272090608100DD3014 /* GCDTests */ = {
			isa = PBXGroup;
			children = (
				DEB3C9282090608100DD3014 /* GCDTests.m */,
				DEB3C92A2090608100DD3014 /* Info.plist */,
			);
			path = GCDTests;
			sourceTree = "<group>";
		};
		DEB3C9322090608100DD3014 /* GCDUITests */ = {
			isa = PBXGroup;
			children = (
				DEB3C9332090608100DD3014 /* GCDUITests.m */,
				DEB3C9352090608100DD3014 /* Info.plist */,
			);
			path = GCDUITests;
			sourceTree = "<group>";
		};
/* End PBXGroup section */

/* Begin PBXNativeTarget section */
		DEB3C90B2090607F00DD3014 /* GCD */ = {
			isa = PBXNativeTarget;
			buildConfigurationList = DEB3C9382090608100DD3014 /* Build configuration list for PBXNativeTarget "GCD" */;
			buildPhases = (
				DEB3C9082090607F00DD3014 /* Sources */,
				DEB3C9092090607F00DD3014 /* Frameworks */,
				DEB3C90A2090607F00DD3014 /* Resources */,
			);
			buildRules = (
			);
			dependencies = (
			);
			name = GCD;
			productName = GCD;
			productReference = DEB3C90C2090607F00DD3014 /* GCD.app */;
			productType = "com.apple.product-type.application";
		};
		DEB3C9232090608100DD3014 /* GCDTests */ = {
			isa = PBXNativeTarget;
			buildConfigurationList = DEB3C93B2090608100DD3014 /* Build configuration list for PBXNativeTarget "GCDTests" */;
			buildPhases = (
				DEB3C9202090608100DD3014 /* Sources */,
				DEB3C9212090608100DD3014 /* Frameworks */,
				DEB3C9222090608100DD3014 /* Resources */,
			);
			buildRules = (
			);
			dependencies = (
				DEB3C9262090608100DD3014 /* PBXTargetDependency */,
			);
			name = GCDTests;
			productName = GCDTests;
			productReference = DEB3C9242090608100DD3014 /* GCDTests.xctest */;
			productType = "com.apple.product-type.bundle.unit-test";
		};
		DEB3C92E2090608100DD3014 /* GCDUITests */ = {
			isa = PBXNativeTarget;
			buildConfigurationList = DEB3C93E2090608100DD3014 /* Build configuration list for PBXNativeTarget "GCDUITests" */;
			buildPhases = (
				DEB3C92B2090608100DD3014 /* Sources */,
				DEB3C92C2090608100DD3014 /* Frameworks */,
				DEB3C92D2090608100DD3014 /* Resources */,
			);
			buildRules = (
			);
			dependencies = (
				DEB3C9312090608100DD3014 /* PBXTargetDependency */,
			);
			name = GCDUITests;
			productName = GCDUITests;
			productReference = DEB3C92F2090608100DD3014 /* GCDUITests.xctest */;
			productType = "com.apple.product-type.bundle.ui-testing";
		};
/* End PBXNativeTarget section */

/* Begin PBXProject section */
		DEB3C9042090607F00DD3014 /* Project object */ = {
			isa = PBXProject;
			attributes = {
				LastUpgradeCheck = 0930;
				ORGANIZATIONNAME = lly;
				TargetAttributes = {
					DEB3C90B2090607F00DD3014 = {
						CreatedOnToolsVersion = 9.3;
					};
					DEB3C9232090608100DD3014 = {
						CreatedOnToolsVersion = 9.3;
						TestTargetID = DEB3C90B2090607F00DD3014;
					};
					DEB3C92E2090608100DD3014 = {
						CreatedOnToolsVersion = 9.3;
						TestTargetID = DEB3C90B2090607F00DD3014;
					};
				};
			};
			buildConfigurationList = DEB3C9072090607F00DD3014 /* Build configuration list for PBXProject "GCD" */;
			compatibilityVersion = "Xcode 9.3";
			developmentRegion = en;
			hasScannedForEncodings = 0;
			knownRegions = (
				en,
				Base,
			);
			mainGroup = DEB3C9032090607F00DD3014;
			productRefGroup = DEB3C90D2090607F00DD3014 /* Products */;
			projectDirPath = "";
			projectRoot = "";
			targets = (
				DEB3C90B2090607F00DD3014 /* GCD */,
				DEB3C9232090608100DD3014 /* GCDTests */,
				DEB3C92E2090608100DD3014 /* GCDUITests */,
			);
		};
/* End PBXProject section */

/* Begin PBXResourcesBuildPhase section */
		DEB3C90A2090607F00DD3014 /* Resources */ = {
			isa = PBXResourcesBuildPhase;
			buildActionMask = 2147483647;
			files = (
				DEB3C91C2090608100DD3014 /* LaunchScreen.storyboard in Resources */,
				DEB3C9192090608100DD3014 /* Assets.xcassets in Resources */,
				DEB3C9172090607F00DD3014 /* Main.storyboard in Resources */,
			);
			runOnlyForDeploymentPostprocessing = 0;
		};
		DEB3C9222090608100DD3014 /* Resources */ = {
			isa = PBXResourcesBuildPhase;
			buildActionMask = 2147483647;
			files = (
			);
			runOnlyForDeploymentPostprocessing = 0;
		};
		DEB3C92D2090608100DD3014 /* Resources */ = {
			isa = PBXResourcesBuildPhase;
			buildActionMask = 2147483647;
			files = (
			);
			runOnlyForDeploymentPostprocessing = 0;
		};
/* End PBXResourcesBuildPhase section */

/* Begin PBXSourcesBuildPhase section */
		DEB3C9082090607F00DD3014 /* Sources */ = {
			isa = PBXSourcesBuildPhase;
			buildActionMask = 2147483647;
			files = (
				DEB3C9142090607F00DD3014 /* ViewController.m in Sources */,
				DEB3C91F2090608100DD3014 /* main.m in Sources */,
				DEB3C9112090607F00DD3014 /* AppDelegate.m in Sources */,
			);
			runOnlyForDeploymentPostprocessing = 0;
		};
		DEB3C9202090608100DD3014 /* Sources */ = {
			isa = PBXSourcesBuildPhase;
			buildActionMask = 2147483647;
			files = (
				DEB3C9292090608100DD3014 /* GCDTests.m in Sources */,
			);
			runOnlyForDeploymentPostprocessing = 0;
		};
		DEB3C92B2090608100DD3014 /* Sources */ = {
			isa = PBXSourcesBuildPhase;
			buildActionMask = 2147483647;
			files = (
				DEB3C9342090608100DD3014 /* GCDUITests.m in Sources */,
			);
			runOnlyForDeploymentPostprocessing = 0;
		};
/* End PBXSourcesBuildPhase section */

/* Begin PBXTargetDependency section */
		DEB3C9262090608100DD3014 /* PBXTargetDependency */ = {
			isa = PBXTargetDependency;
			target = DEB3C90B2090607F00DD3014 /* GCD */;
			targetProxy = DEB3C9252090608100DD3014 /* PBXContainerItemProxy */;
		};
		DEB3C9312090608100DD3014 /* PBXTargetDependency */ = {
			isa = PBXTargetDependency;
			target = DEB3C90B2090607F00DD3014 /* GCD */;
			targetProxy = DEB3C9302090608100DD3014 /* PBXContainerItemProxy */;
		};
/* End PBXTargetDependency section */

/* Begin PBXVariantGroup section */
		DEB3C9152090607F00DD3014 /* Main.storyboard */ = {
			isa = PBXVariantGroup;
			children = (
				DEB3C9162090607F00DD3014 /* Base */,
			);
			name = Main.storyboard;
			sourceTree = "<group>";
		};
		DEB3C91A2090608100DD3014 /* LaunchScreen.storyboard */ = {
			isa = PBXVariantGroup;
			children = (
				DEB3C91B2090608100DD3014 /* Base */,
			);
			name = LaunchScreen.storyboard;
			sourceTree = "<group>";
		};
/* End PBXVariantGroup section */

/* Begin XCBuildConfiguration section */
		DEB3C9362090608100DD3014 /* Debug */ = {
			isa = XCBuildConfiguration;
			buildSettings = {
				ALWAYS_SEARCH_USER_PATHS = NO;
				CLANG_ANALYZER_NONNULL = YES;
				CLANG_ANALYZER_NUMBER_OBJECT_CONVERSION = YES_AGGRESSIVE;
				CLANG_CXX_LANGUAGE_STANDARD = "gnu++14";
				CLANG_CXX_LIBRARY = "libc++";
				CLANG_ENABLE_MODULES = YES;
				CLANG_ENABLE_OBJC_ARC = YES;
				CLANG_ENABLE_OBJC_WEAK = YES;
				CLANG_WARN_BLOCK_CAPTURE_AUTORELEASING = YES;
				CLANG_WARN_BOOL_CONVERSION = YES;
				CLANG_WARN_COMMA = YES;
				CLANG_WARN_CONSTANT_CONVERSION = YES;
				CLANG_WARN_DEPRECATED_OBJC_IMPLEMENTATIONS = YES;
				CLANG_WARN_DIRECT_OBJC_ISA_USAGE = YES_ERROR;
				CLANG_WARN_DOCUMENTATION_COMMENTS = YES;
				CLANG_WARN_EMPTY_BODY = YES;
				CLANG_WARN_ENUM_CONVERSION = YES;
				CLANG_WARN_INFINITE_RECURSION = YES;
				CLANG_WARN_INT_CONVERSION = YES;
				CLANG_WARN_NON_LITERAL_NULL_CONVERSION = YES;
				CLANG_WARN_OBJC_IMPLICIT_RETAIN_SELF = YES;
				CLANG_WARN_OBJC_LITERAL_CONVERSION = YES;
				CLANG_WARN_OBJC_ROOT_CLASS = YES_ERROR;
				CLANG_WARN_RANGE_LOOP_ANALYSIS = YES;
				CLANG_WARN_STRICT_PROTOTYPES = YES;
				CLANG_WARN_SUSPICIOUS_MOVE = YES;
				CLANG_WARN_UNGUARDED_AVAILABILITY = YES_AGGRESSIVE;
				CLANG_WARN_UNREACHABLE_CODE = YES;
				CLANG_WARN__DUPLICATE_METHOD_MATCH = YES;
				CODE_SIGN_IDENTITY = "iPhone Developer";
				COPY_PHASE_STRIP = NO;
				DEBUG_INFORMATION_FORMAT = dwarf;
				ENABLE_STRICT_OBJC_MSGSEND = YES;
				ENABLE_TESTABILITY = YES;
				GCC_C_LANGUAGE_STANDARD = gnu11;
				GCC_DYNAMIC_NO_PIC = NO;
				GCC_NO_COMMON_BLOCKS = YES;
				GCC_OPTIMIZATION_LEVEL = 0;
				GCC_PREPROCESSOR_DEFINITIONS = (
					"DEBUG=1",
					"$(inherited)",
				);
				GCC_WARN_64_TO_32_BIT_CONVERSION = YES;
				GCC_WARN_ABOUT_RETURN_TYPE = YES_ERROR;
				GCC_WARN_UNDECLARED_SELECTOR = YES;
				GCC_WARN_UNINITIALIZED_AUTOS = YES_AGGRESSIVE;
				GCC_WARN_UNUSED_FUNCTION = YES;
				GCC_WARN_UNUSED_VARIABLE = YES;
				IPHONEOS_DEPLOYMENT_TARGET = 11.3;
				MTL_ENABLE_DEBUG_INFO = YES;
				ONLY_ACTIVE_ARCH = YES;
				SDKROOT = iphoneos;
			};
			name = Debug;
		};
		DEB3C9372090608100DD3014 /* Release */ = {
			isa = XCBuildConfiguration;
			buildSettings = {
				ALWAYS_SEARCH_USER_PATHS = NO;
				CLANG_ANALYZER_NONNULL = YES;
				CLANG_ANALYZER_NUMBER_OBJECT_CONVERSION = YES_AGGRESSIVE;
				CLANG_CXX_LANGUAGE_STANDARD = "gnu++14";
				CLANG_CXX_LIBRARY = "libc++";
				CLANG_ENABLE_MODULES = YES;
				CLANG_ENABLE_OBJC_ARC = YES;
				CLANG_ENABLE_OBJC_WEAK = YES;
				CLANG_WARN_BLOCK_CAPTURE_AUTORELEASING = YES;
				CLANG_WARN_BOOL_CONVERSION = YES;
				CLANG_WARN_COMMA = YES;
				CLANG_WARN_CONSTANT_CONVERSION = YES;
				CLANG_WARN_DEPRECATED_OBJC_IMPLEMENTATIONS = YES;
				CLANG_WARN_DIRECT_OBJC_ISA_USAGE = YES_ERROR;
				CLANG_WARN_DOCUMENTATION_COMMENTS = YES;
				CLANG_WARN_EMPTY_BODY = YES;
				CLANG_WARN_ENUM_CONVERSION = YES;
				CLANG_WARN_INFINITE_RECURSION = YES;
				CLANG_WARN_INT_CONVERSION = YES;
				CLANG_WARN_NON_LITERAL_NULL_CONVERSION = YES;
				CLANG_WARN_OBJC_IMPLICIT_RETAIN_SELF = YES;
				CLANG_WARN_OBJC_LITERAL_CONVERSION = YES;
				CLANG_WARN_OBJC_ROOT_CLASS = YES_ERROR;
				CLANG_WARN_RANGE_LOOP_ANALYSIS = YES;
				CLANG_WARN_STRICT_PROTOTYPES = YES;
				CLANG_WARN_SUSPICIOUS_MOVE = YES;
				CLANG_WARN_UNGUARDED_AVAILABILITY = YES_AGGRESSIVE;
				CLANG_WARN_UNREACHABLE_CODE = YES;
				CLANG_WARN__DUPLICATE_METHOD_MATCH = YES;
				CODE_SIGN_IDENTITY = "iPhone Developer";
				COPY_PHASE_STRIP = NO;
				DEBUG_INFORMATION_FORMAT = "dwarf-with-dsym";
				ENABLE_NS_ASSERTIONS = NO;
				ENABLE_STRICT_OBJC_MSGSEND = YES;
				GCC_C_LANGUAGE_STANDARD = gnu11;
				GCC_NO_COMMON_BLOCKS = YES;
				GCC_WARN_64_TO_32_BIT_CONVERSION = YES;
				GCC_WARN_ABOUT_RETURN_TYPE = YES_ERROR;
				GCC_WARN_UNDECLARED_SELECTOR = YES;
				GCC_WARN_UNINITIALIZED_AUTOS = YES_AGGRESSIVE;
				GCC_WARN_UNUSED_FUNCTION = YES;
				GCC_WARN_UNUSED_VARIABLE = YES;
				IPHONEOS_DEPLOYMENT_TARGET = 11.3;
				MTL_ENABLE_DEBUG_INFO = NO;
				SDKROOT = iphoneos;
				VALIDATE_PRODUCT = YES;
			};
			name = Release;
		};
		DEB3C9392090608100DD3014 /* Debug */ = {
			isa = XCBuildConfiguration;
			buildSettings = {
				ASSETCATALOG_COMPILER_APPICON_NAME = AppIcon;
				CODE_SIGN_STYLE = Automatic;
				INFOPLIST_FILE = GCD/Info.plist;
				LD_RUNPATH_SEARCH_PATHS = (
					"$(inherited)",
					"@executable_path/Frameworks",
				);
				PRODUCT_BUNDLE_IDENTIFIER = liluyang.GCD;
				PRODUCT_NAME = "$(TARGET_NAME)";
				TARGETED_DEVICE_FAMILY = "1,2";
			};
			name = Debug;
		};
		DEB3C93A2090608100DD3014 /* Release */ = {
			isa = XCBuildConfiguration;
			buildSettings = {
				ASSETCATALOG_COMPILER_APPICON_NAME = AppIcon;
				CODE_SIGN_STYLE = Automatic;
				INFOPLIST_FILE = GCD/Info.plist;
				LD_RUNPATH_SEARCH_PATHS = (
					"$(inherited)",
					"@executable_path/Frameworks",
				);
				PRODUCT_BUNDLE_IDENTIFIER = liluyang.GCD;
				PRODUCT_NAME = "$(TARGET_NAME)";
				TARGETED_DEVICE_FAMILY = "1,2";
			};
			name = Release;
		};
		DEB3C93C2090608100DD3014 /* Debug */ = {
			isa = XCBuildConfiguration;
			buildSettings = {
				BUNDLE_LOADER = "$(TEST_HOST)";
				CODE_SIGN_STYLE = Automatic;
				INFOPLIST_FILE = GCDTests/Info.plist;
				LD_RUNPATH_SEARCH_PATHS = (
					"$(inherited)",
					"@executable_path/Frameworks",
					"@loader_path/Frameworks",
				);
				PRODUCT_BUNDLE_IDENTIFIER = liluyang.GCDTests;
				PRODUCT_NAME = "$(TARGET_NAME)";
				TARGETED_DEVICE_FAMILY = "1,2";
				TEST_HOST = "$(BUILT_PRODUCTS_DIR)/GCD.app/GCD";
			};
			name = Debug;
		};
		DEB3C93D2090608100DD3014 /* Release */ = {
			isa = XCBuildConfiguration;
			buildSettings = {
				BUNDLE_LOADER = "$(TEST_HOST)";
				CODE_SIGN_STYLE = Automatic;
				INFOPLIST_FILE = GCDTests/Info.plist;
				LD_RUNPATH_SEARCH_PATHS = (
					"$(inherited)",
					"@executable_path/Frameworks",
					"@loader_path/Frameworks",
				);
				PRODUCT_BUNDLE_IDENTIFIER = liluyang.GCDTests;
				PRODUCT_NAME = "$(TARGET_NAME)";
				TARGETED_DEVICE_FAMILY = "1,2";
				TEST_HOST = "$(BUILT_PRODUCTS_DIR)/GCD.app/GCD";
			};
			name = Release;
		};
		DEB3C93F2090608100DD3014 /* Debug */ = {
			isa = XCBuildConfiguration;
			buildSettings = {
				CODE_SIGN_STYLE = Automatic;
				INFOPLIST_FILE = GCDUITests/Info.plist;
				LD_RUNPATH_SEARCH_PATHS = (
					"$(inherited)",
					"@executable_path/Frameworks",
					"@loader_path/Frameworks",
				);
				PRODUCT_BUNDLE_IDENTIFIER = liluyang.GCDUITests;
				PRODUCT_NAME = "$(TARGET_NAME)";
				TARGETED_DEVICE_FAMILY = "1,2";
				TEST_TARGET_NAME = GCD;
			};
			name = Debug;
		};
		DEB3C9402090608100DD3014 /* Release */ = {
			isa = XCBuildConfiguration;
			buildSettings = {
				CODE_SIGN_STYLE = Automatic;
				INFOPLIST_FILE = GCDUITests/Info.plist;
				LD_RUNPATH_SEARCH_PATHS = (
					"$(inherited)",
					"@executable_path/Frameworks",
					"@loader_path/Frameworks",
				);
				PRODUCT_BUNDLE_IDENTIFIER = liluyang.GCDUITests;
				PRODUCT_NAME = "$(TARGET_NAME)";
				TARGETED_DEVICE_FAMILY = "1,2";
				TEST_TARGET_NAME = GCD;
			};
			name = Release;
		};
/* End XCBuildConfiguration section */

/* Begin XCConfigurationList section */
		DEB3C9072090607F00DD3014 /* Build configuration list for PBXProject "GCD" */ = {
			isa = XCConfigurationList;
			buildConfigurations = (
				DEB3C9362090608100DD3014 /* Debug */,
				DEB3C9372090608100DD3014 /* Release */,
			);
			defaultConfigurationIsVisible = 0;
			defaultConfigurationName = Release;
		};
		DEB3C9382090608100DD3014 /* Build configuration list for PBXNativeTarget "GCD" */ = {
			isa = XCConfigurationList;
			buildConfigurations = (
				DEB3C9392090608100DD3014 /* Debug */,
				DEB3C93A2090608100DD3014 /* Release */,
			);
			defaultConfigurationIsVisible = 0;
			defaultConfigurationName = Release;
		};
		DEB3C93B2090608100DD3014 /* Build configuration list for PBXNativeTarget "GCDTests" */ = {
			isa = XCConfigurationList;
			buildConfigurations = (
				DEB3C93C2090608100DD3014 /* Debug */,
				DEB3C93D2090608100DD3014 /* Release */,
			);
			defaultConfigurationIsVisible = 0;
			defaultConfigurationName = Release;
		};
		DEB3C93E2090608100DD3014 /* Build configuration list for PBXNativeTarget "GCDUITests" */ = {
			isa = XCConfigurationList;
			buildConfigurations = (
				DEB3C93F2090608100DD3014 /* Debug */,
				DEB3C9402090608100DD3014 /* Release */,
			);
			defaultConfigurationIsVisible = 0;
			defaultConfigurationName = Release;
		};
/* End XCConfigurationList section */
	};
	rootObject = DEB3C9042090607F00DD3014 /* Project object */;
}
